
Microsoft Visual Studio Solution File, Format Version 12.00
# Visual Studio 15
VisualStudioVersion = 15.0.27428.1
MinimumVisualStudioVersion = 10.0.40219.1
Project("{FAE04EC0-301F-11D3-BF4B-00C04F79EFBC}") = "SimpleQRCodeGenerator", "SimpleQRCodeGenerator\SimpleQRCodeGenerator.csproj", "{42888337-315E-4099-BEA5-05567FFD02DD}"
EndProject
Global
	GlobalSection(SolutionConfigurationPlatforms) = preSolution
		Debug|Any CPU = Debug|Any CPU
		Release|Any CPU = Release|Any CPU
	EndGlobalSection
	GlobalSection(ProjectConfigurationPlatforms) = postSolution
		{42888337-315E-4099-BEA5-05567FFD02DD}.Debug|Any CPU.ActiveCfg = Debug|Any CPU
		{42888337-315E-4099-BEA5-05567FFD02DD}.Debug|Any CPU.Build.0 = Debug|Any CPU
		{42888337-315E-4099-BEA5-05567FFD02DD}.Release|Any CPU.ActiveCfg = Release|Any CPU
		{42888337-315E-4099-BEA5-05567FFD02DD}.Release|Any CPU.Build.0 = Release|Any CPU
	EndGlobalSection
	GlobalSection(SolutionProperties) = preSolution
		HideSolutionNode = FALSE
	EndGlobalSection
	GlobalSection(ExtensibilityGlobals) = postSolution
		SolutionGuid = {EA315081-D43C-4869-BB7C-262A315912C6}
	EndGlobalSection
EndGlobal
